{
  "originHash" : "5efa756467459da74c9dd5990b1a0345da60ba16a7ff2ccb63e5611fcfe4ec07",
  "pins" : [
    {
      "identity" : "pythonkit",
      "kind" : "remoteSourceControl",
      "location" : "https://github.com/pvieito/PythonKit.git",
      "state" : {
        "branch" : "master",
        "revision" : "d030b5193d1e4e770156deb27865773b64c5695f"
      }
    }
  ],
  "version" : 3
}
